
Microsoft Visual Studio Solution File, Format Version 12.00
# Visual Studio Version 16
VisualStudioVersion = 16.0.29503.13
MinimumVisualStudioVersion = 15.0.26124.0
Project("{2150E333-8FDC-42A3-9474-1A3956D46DE8}") = "src", "src", "{314D9188-6706-4CE2-A2DF-90160F0A21C3}"
EndProject
Project("{9A19103F-16F7-4668-BE54-9A1E7A4F7556}") = "Shopping", "src\Shopping\Shopping.csproj", "{6319C194-327A-430E-A9C3-E733AC909AE6}"
EndProject
Project("{9A19103F-16F7-4668-BE54-9A1E7A4F7556}") = "Shopping.Test", "src\Shopping.Test\Shopping.Test.csproj", "{94A3E523-7328-4F73-9652-4603DB2B9B8F}"
EndProject
Global
	GlobalSection(SolutionConfigurationPlatforms) = preSolution
		Debug|Any CPU = Debug|Any CPU
		Debug|x64 = Debug|x64
		Debug|x86 = Debug|x86
		Release|Any CPU = Release|Any CPU
		Release|x64 = Release|x64
		Release|x86 = Release|x86
	EndGlobalSection
	GlobalSection(ProjectConfigurationPlatforms) = postSolution
		{6319C194-327A-430E-A9C3-E733AC909AE6}.Debug|Any CPU.ActiveCfg = Debug|Any CPU
		{6319C194-327A-430E-A9C3-E733AC909AE6}.Debug|Any CPU.Build.0 = Debug|Any CPU
		{6319C194-327A-430E-A9C3-E733AC909AE6}.Debug|x64.ActiveCfg = Debug|Any CPU
		{6319C194-327A-430E-A9C3-E733AC909AE6}.Debug|x64.Build.0 = Debug|Any CPU
		{6319C194-327A-430E-A9C3-E733AC909AE6}.Debug|x86.ActiveCfg = Debug|Any CPU
		{6319C194-327A-430E-A9C3-E733AC909AE6}.Debug|x86.Build.0 = Debug|Any CPU
		{6319C194-327A-430E-A9C3-E733AC909AE6}.Release|Any CPU.ActiveCfg = Release|Any CPU
		{6319C194-327A-430E-A9C3-E733AC909AE6}.Release|Any CPU.Build.0 = Release|Any CPU
		{6319C194-327A-430E-A9C3-E733AC909AE6}.Release|x64.ActiveCfg = Release|Any CPU
		{6319C194-327A-430E-A9C3-E733AC909AE6}.Release|x64.Build.0 = Release|Any CPU
		{6319C194-327A-430E-A9C3-E733AC909AE6}.Release|x86.ActiveCfg = Release|Any CPU
		{6319C194-327A-430E-A9C3-E733AC909AE6}.Release|x86.Build.0 = Release|Any CPU
		{94A3E523-7328-4F73-9652-4603DB2B9B8F}.Debug|Any CPU.ActiveCfg = Debug|Any CPU
		{94A3E523-7328-4F73-9652-4603DB2B9B8F}.Debug|Any CPU.Build.0 = Debug|Any CPU
		{94A3E523-7328-4F73-9652-4603DB2B9B8F}.Debug|x64.ActiveCfg = Debug|Any CPU
		{94A3E523-7328-4F73-9652-4603DB2B9B8F}.Debug|x64.Build.0 = Debug|Any CPU
		{94A3E523-7328-4F73-9652-4603DB2B9B8F}.Debug|x86.ActiveCfg = Debug|Any CPU
		{94A3E523-7328-4F73-9652-4603DB2B9B8F}.Debug|x86.Build.0 = Debug|Any CPU
		{94A3E523-7328-4F73-9652-4603DB2B9B8F}.Release|Any CPU.ActiveCfg = Release|Any CPU
		{94A3E523-7328-4F73-9652-4603DB2B9B8F}.Release|Any CPU.Build.0 = Release|Any CPU
		{94A3E523-7328-4F73-9652-4603DB2B9B8F}.Release|x64.ActiveCfg = Release|Any CPU
		{94A3E523-7328-4F73-9652-4603DB2B9B8F}.Release|x64.Build.0 = Release|Any CPU
		{94A3E523-7328-4F73-9652-4603DB2B9B8F}.Release|x86.ActiveCfg = Release|Any CPU
		{94A3E523-7328-4F73-9652-4603DB2B9B8F}.Release|x86.Build.0 = Release|Any CPU
	EndGlobalSection
	GlobalSection(SolutionProperties) = preSolution
		HideSolutionNode = FALSE
	EndGlobalSection
	GlobalSection(NestedProjects) = preSolution
		{6319C194-327A-430E-A9C3-E733AC909AE6} = {314D9188-6706-4CE2-A2DF-90160F0A21C3}
		{94A3E523-7328-4F73-9652-4603DB2B9B8F} = {314D9188-6706-4CE2-A2DF-90160F0A21C3}
	EndGlobalSection
	GlobalSection(ExtensibilityGlobals) = postSolution
		SolutionGuid = {AA861F89-FA2A-4C4A-AA92-EBD3A1E8AFB0}
	EndGlobalSection
EndGlobal
